
Microsoft Visual Studio Solution File, Format Version 12.00
# Visual Studio Version 17
VisualStudioVersion = 17.7.34031.279
MinimumVisualStudioVersion = 10.0.40219.1
Project("{FAE04EC0-301F-11D3-BF4B-00C04F79EFBC}") = "HaylandMontalvo_PTablas1", "HaylandMontalvo_PTablas1.csproj", "{A2ED58B0-F9F5-4A0B-9302-F04F88F5F9A4}"
EndProject
Global
	GlobalSection(SolutionConfigurationPlatforms) = preSolution
		Debug|Any CPU = Debug|Any CPU
		Release|Any CPU = Release|Any CPU
	EndGlobalSection
	GlobalSection(ProjectConfigurationPlatforms) = postSolution
		{A2ED58B0-F9F5-4A0B-9302-F04F88F5F9A4}.Debug|Any CPU.ActiveCfg = Debug|Any CPU
		{A2ED58B0-F9F5-4A0B-9302-F04F88F5F9A4}.Debug|Any CPU.Build.0 = Debug|Any CPU
		{A2ED58B0-F9F5-4A0B-9302-F04F88F5F9A4}.Release|Any CPU.ActiveCfg = Release|Any CPU
		{A2ED58B0-F9F5-4A0B-9302-F04F88F5F9A4}.Release|Any CPU.Build.0 = Release|Any CPU
	EndGlobalSection
	GlobalSection(SolutionProperties) = preSolution
		HideSolutionNode = FALSE
	EndGlobalSection
	GlobalSection(ExtensibilityGlobals) = postSolution
		SolutionGuid = {A4BCCCE6-8939-4955-B4D8-10E949C518F0}
	EndGlobalSection
EndGlobal
